
Microsoft Visual Studio Solution File, Format Version 12.00
# Visual Studio Version 16
VisualStudioVersion = 16.0.31205.134
MinimumVisualStudioVersion = 10.0.40219.1
Project("{8BC9CEB8-8B4A-11D0-8D11-00A0C91BC942}") = "WinAPI_Lab4", "WinAPI_Lab4\WinAPI_Lab4.vcxproj", "{796803D9-53DD-4A4B-89D9-4119047D598B}"
EndProject
Global
	GlobalSection(SolutionConfigurationPlatforms) = preSolution
		Debug|x64 = Debug|x64
		Debug|x86 = Debug|x86
		Release|x64 = Release|x64
		Release|x86 = Release|x86
	EndGlobalSection
	GlobalSection(ProjectConfigurationPlatforms) = postSolution
		{796803D9-53DD-4A4B-89D9-4119047D598B}.Debug|x64.ActiveCfg = Debug|x64
		{796803D9-53DD-4A4B-89D9-4119047D598B}.Debug|x64.Build.0 = Debug|x64
		{796803D9-53DD-4A4B-89D9-4119047D598B}.Debug|x86.ActiveCfg = Debug|Win32
		{796803D9-53DD-4A4B-89D9-4119047D598B}.Debug|x86.Build.0 = Debug|Win32
		{796803D9-53DD-4A4B-89D9-4119047D598B}.Release|x64.ActiveCfg = Release|x64
		{796803D9-53DD-4A4B-89D9-4119047D598B}.Release|x64.Build.0 = Release|x64
		{796803D9-53DD-4A4B-89D9-4119047D598B}.Release|x86.ActiveCfg = Release|Win32
		{796803D9-53DD-4A4B-89D9-4119047D598B}.Release|x86.Build.0 = Release|Win32
	EndGlobalSection
	GlobalSection(SolutionProperties) = preSolution
		HideSolutionNode = FALSE
	EndGlobalSection
	GlobalSection(ExtensibilityGlobals) = postSolution
		SolutionGuid = {12A672CE-D79A-4A77-9DAE-574CD81B5E99}
	EndGlobalSection
EndGlobal
